
Microsoft Visual Studio Solution File, Format Version 11.00
# Visual Studio 2010
Project("{FAE04EC0-301F-11D3-BF4B-00C04F79EFBC}") = "ImageSlideShow.Core", "ImageSlideShow.Core\ImageSlideShow.Core.csproj", "{F6D83B48-780D-4AF3-90F4-562863F3CCE9}"
EndProject
Global
	GlobalSection(SolutionConfigurationPlatforms) = preSolution
		Debug|Any CPU = Debug|Any CPU
		Release|Any CPU = Release|Any CPU
	EndGlobalSection
	GlobalSection(ProjectConfigurationPlatforms) = postSolution
		{F6D83B48-780D-4AF3-90F4-562863F3CCE9}.Debug|Any CPU.ActiveCfg = Debug|Any CPU
		{F6D83B48-780D-4AF3-90F4-562863F3CCE9}.Debug|Any CPU.Build.0 = Debug|Any CPU
		{F6D83B48-780D-4AF3-90F4-562863F3CCE9}.Release|Any CPU.ActiveCfg = Release|Any CPU
		{F6D83B48-780D-4AF3-90F4-562863F3CCE9}.Release|Any CPU.Build.0 = Release|Any CPU
		{86592C94-5E09-417B-B1E2-AFDB757B24D4}.Debug|Any CPU.ActiveCfg = Debug|Any CPU
		{86592C94-5E09-417B-B1E2-AFDB757B24D4}.Debug|Any CPU.Build.0 = Debug|Any CPU
		{86592C94-5E09-417B-B1E2-AFDB757B24D4}.Release|Any CPU.ActiveCfg = Release|Any CPU
		{86592C94-5E09-417B-B1E2-AFDB757B24D4}.Release|Any CPU.Build.0 = Release|Any CPU
	EndGlobalSection
	GlobalSection(SolutionProperties) = preSolution
		HideSolutionNode = FALSE
	EndGlobalSection
EndGlobal
