
Microsoft Visual Studio Solution File, Format Version 11.00
# Visual Studio 2010
Project("{FAE04EC0-301F-11D3-BF4B-00C04F79EFBC}") = "Generic.Web", "Generic.Web\Generic.Web.csproj", "{63857E05-78C4-47AA-9F83-D0DA9C36D430}"
EndProject
Project("{FAE04EC0-301F-11D3-BF4B-00C04F79EFBC}") = "Generic.Bootstrap", "Generic.Bootstrap\Generic.Bootstrap.csproj", "{AEE1BB4B-1339-421E-9FC3-C8073FC1F3A2}"
EndProject
Project("{FAE04EC0-301F-11D3-BF4B-00C04F79EFBC}") = "Generic.Core", "Generic.Core\Generic.Core.csproj", "{1CE320B8-B3A6-4615-9A95-114C0A5F9037}"
EndProject
Project("{FAE04EC0-301F-11D3-BF4B-00C04F79EFBC}") = "Generic.Test.Unit", "Generic.Test.Unit\Generic.Test.Unit.csproj", "{0FD9CD60-7FE2-4EBD-B06C-7A06C12D6737}"
EndProject
Global
	GlobalSection(SolutionConfigurationPlatforms) = preSolution
		Debug|Any CPU = Debug|Any CPU
		Release|Any CPU = Release|Any CPU
	EndGlobalSection
	GlobalSection(ProjectConfigurationPlatforms) = postSolution
		{63857E05-78C4-47AA-9F83-D0DA9C36D430}.Debug|Any CPU.ActiveCfg = Debug|Any CPU
		{63857E05-78C4-47AA-9F83-D0DA9C36D430}.Debug|Any CPU.Build.0 = Debug|Any CPU
		{63857E05-78C4-47AA-9F83-D0DA9C36D430}.Release|Any CPU.ActiveCfg = Release|Any CPU
		{63857E05-78C4-47AA-9F83-D0DA9C36D430}.Release|Any CPU.Build.0 = Release|Any CPU
		{AEE1BB4B-1339-421E-9FC3-C8073FC1F3A2}.Debug|Any CPU.ActiveCfg = Debug|Any CPU
		{AEE1BB4B-1339-421E-9FC3-C8073FC1F3A2}.Debug|Any CPU.Build.0 = Debug|Any CPU
		{AEE1BB4B-1339-421E-9FC3-C8073FC1F3A2}.Release|Any CPU.ActiveCfg = Release|Any CPU
		{AEE1BB4B-1339-421E-9FC3-C8073FC1F3A2}.Release|Any CPU.Build.0 = Release|Any CPU
		{1CE320B8-B3A6-4615-9A95-114C0A5F9037}.Debug|Any CPU.ActiveCfg = Debug|Any CPU
		{1CE320B8-B3A6-4615-9A95-114C0A5F9037}.Debug|Any CPU.Build.0 = Debug|Any CPU
		{1CE320B8-B3A6-4615-9A95-114C0A5F9037}.Release|Any CPU.ActiveCfg = Release|Any CPU
		{1CE320B8-B3A6-4615-9A95-114C0A5F9037}.Release|Any CPU.Build.0 = Release|Any CPU
		{0FD9CD60-7FE2-4EBD-B06C-7A06C12D6737}.Debug|Any CPU.ActiveCfg = Debug|Any CPU
		{0FD9CD60-7FE2-4EBD-B06C-7A06C12D6737}.Debug|Any CPU.Build.0 = Debug|Any CPU
		{0FD9CD60-7FE2-4EBD-B06C-7A06C12D6737}.Release|Any CPU.ActiveCfg = Release|Any CPU
		{0FD9CD60-7FE2-4EBD-B06C-7A06C12D6737}.Release|Any CPU.Build.0 = Release|Any CPU
	EndGlobalSection
	GlobalSection(SolutionProperties) = preSolution
		HideSolutionNode = FALSE
	EndGlobalSection
EndGlobal
