
Microsoft Visual Studio Solution File, Format Version 11.00
# Visual Studio 2010
Project("{FAE04EC0-301F-11D3-BF4B-00C04F79EFBC}") = "EPiServerBuiltInProperties", "EPiServerBuiltInProperties.csproj", "{20F863A3-2DB4-4542-ADDA-67237F205547}"
EndProject
Global
	GlobalSection(SolutionConfigurationPlatforms) = preSolution
		Debug|Any CPU = Debug|Any CPU
		Release|Any CPU = Release|Any CPU
	EndGlobalSection
	GlobalSection(ProjectConfigurationPlatforms) = postSolution
		{20F863A3-2DB4-4542-ADDA-67237F205547}.Debug|Any CPU.ActiveCfg = Debug|Any CPU
		{20F863A3-2DB4-4542-ADDA-67237F205547}.Debug|Any CPU.Build.0 = Debug|Any CPU
		{20F863A3-2DB4-4542-ADDA-67237F205547}.Release|Any CPU.ActiveCfg = Release|Any CPU
		{20F863A3-2DB4-4542-ADDA-67237F205547}.Release|Any CPU.Build.0 = Release|Any CPU
		{86592C94-5E09-417B-B1E2-AFDB757B24D4}.Debug|Any CPU.ActiveCfg = Debug|Any CPU
		{86592C94-5E09-417B-B1E2-AFDB757B24D4}.Debug|Any CPU.Build.0 = Debug|Any CPU
		{86592C94-5E09-417B-B1E2-AFDB757B24D4}.Release|Any CPU.ActiveCfg = Release|Any CPU
		{86592C94-5E09-417B-B1E2-AFDB757B24D4}.Release|Any CPU.Build.0 = Release|Any CPU
	EndGlobalSection
	GlobalSection(SolutionProperties) = preSolution
		HideSolutionNode = FALSE
	EndGlobalSection
EndGlobal
